
Microsoft Visual Studio Solution File, Format Version 12.00
# Visual Studio Version 17
VisualStudioVersion = 17.5.33530.505
MinimumVisualStudioVersion = 10.0.40219.1
Project("{9A19103F-16F7-4668-BE54-9A1E7A4F7556}") = "HomeWork1", "HomeWork1\HomeWork1.csproj", "{CF76CDEF-1F47-4999-87EC-DB87E08B68D5}"
EndProject
Project("{9A19103F-16F7-4668-BE54-9A1E7A4F7556}") = "TransferObjects", "TransferObjects\TransferObjects.csproj", "{8577D0FE-EA54-47D9-82B3-E6ED4FC30588}"
EndProject
Project("{2150E333-8FDC-42A3-9474-1A3956D46DE8}") = "Элементы решения", "Элементы решения", "{42B3D5BF-764C-41D0-A61E-419E7B0094B3}"
	ProjectSection(SolutionItems) = preProject
		SolutionFolder\docker-compose.yaml = SolutionFolder\docker-compose.yaml
		SqlCreatedTables.sql = SqlCreatedTables.sql
	EndProjectSection
EndProject
Project("{FAE04EC0-301F-11D3-BF4B-00C04F79EFBC}") = "DatabaseModel", "DatabaseModel\DatabaseModel.csproj", "{D1271C70-CA71-4098-A7FC-C00D00592CBE}"
EndProject
Global
	GlobalSection(SolutionConfigurationPlatforms) = preSolution
		Debug|Any CPU = Debug|Any CPU
		Release|Any CPU = Release|Any CPU
	EndGlobalSection
	GlobalSection(ProjectConfigurationPlatforms) = postSolution
		{CF76CDEF-1F47-4999-87EC-DB87E08B68D5}.Debug|Any CPU.ActiveCfg = Debug|Any CPU
		{CF76CDEF-1F47-4999-87EC-DB87E08B68D5}.Debug|Any CPU.Build.0 = Debug|Any CPU
		{CF76CDEF-1F47-4999-87EC-DB87E08B68D5}.Release|Any CPU.ActiveCfg = Release|Any CPU
		{CF76CDEF-1F47-4999-87EC-DB87E08B68D5}.Release|Any CPU.Build.0 = Release|Any CPU
		{8577D0FE-EA54-47D9-82B3-E6ED4FC30588}.Debug|Any CPU.ActiveCfg = Debug|Any CPU
		{8577D0FE-EA54-47D9-82B3-E6ED4FC30588}.Debug|Any CPU.Build.0 = Debug|Any CPU
		{8577D0FE-EA54-47D9-82B3-E6ED4FC30588}.Release|Any CPU.ActiveCfg = Release|Any CPU
		{8577D0FE-EA54-47D9-82B3-E6ED4FC30588}.Release|Any CPU.Build.0 = Release|Any CPU
		{D1271C70-CA71-4098-A7FC-C00D00592CBE}.Debug|Any CPU.ActiveCfg = Debug|Any CPU
		{D1271C70-CA71-4098-A7FC-C00D00592CBE}.Debug|Any CPU.Build.0 = Debug|Any CPU
		{D1271C70-CA71-4098-A7FC-C00D00592CBE}.Release|Any CPU.ActiveCfg = Release|Any CPU
		{D1271C70-CA71-4098-A7FC-C00D00592CBE}.Release|Any CPU.Build.0 = Release|Any CPU
	EndGlobalSection
	GlobalSection(SolutionProperties) = preSolution
		HideSolutionNode = FALSE
	EndGlobalSection
	GlobalSection(ExtensibilityGlobals) = postSolution
		SolutionGuid = {823A95B5-FC8A-4B07-9397-C081BE8AC2DE}
	EndGlobalSection
EndGlobal
